
Microsoft Visual Studio Solution File, Format Version 12.00
# Visual Studio Version 17
VisualStudioVersion = 17.9.34622.214
MinimumVisualStudioVersion = 10.0.40219.1
Project("{FAE04EC0-301F-11D3-BF4B-00C04F79EFBC}") = "Models.FamilyTree", "Models.FamilyTree\Models.FamilyTree.csproj", "{81021EB7-F29A-468C-9161-4B5E84975A5D}"
EndProject
Project("{FAE04EC0-301F-11D3-BF4B-00C04F79EFBC}") = "Backend.FamilyTree", "Backend.FamilyTree\Backend.FamilyTree.csproj", "{5D29E745-0513-4483-9C08-702EB9169837}"
EndProject
Project("{2150E333-8FDC-42A3-9474-1A3956D46DE8}") = "Solution Items", "Solution Items", "{4F20DE74-B06C-4F8F-BC5A-5C38C753D401}"
	ProjectSection(SolutionItems) = preProject
		.editorconfig = .editorconfig
	EndProjectSection
EndProject
Global
	GlobalSection(SolutionConfigurationPlatforms) = preSolution
		Debug|Any CPU = Debug|Any CPU
		Release|Any CPU = Release|Any CPU
	EndGlobalSection
	GlobalSection(ProjectConfigurationPlatforms) = postSolution
		{81021EB7-F29A-468C-9161-4B5E84975A5D}.Debug|Any CPU.ActiveCfg = Debug|Any CPU
		{81021EB7-F29A-468C-9161-4B5E84975A5D}.Debug|Any CPU.Build.0 = Debug|Any CPU
		{81021EB7-F29A-468C-9161-4B5E84975A5D}.Release|Any CPU.ActiveCfg = Release|Any CPU
		{81021EB7-F29A-468C-9161-4B5E84975A5D}.Release|Any CPU.Build.0 = Release|Any CPU
		{5D29E745-0513-4483-9C08-702EB9169837}.Debug|Any CPU.ActiveCfg = Debug|Any CPU
		{5D29E745-0513-4483-9C08-702EB9169837}.Debug|Any CPU.Build.0 = Debug|Any CPU
		{5D29E745-0513-4483-9C08-702EB9169837}.Release|Any CPU.ActiveCfg = Release|Any CPU
		{5D29E745-0513-4483-9C08-702EB9169837}.Release|Any CPU.Build.0 = Release|Any CPU
	EndGlobalSection
	GlobalSection(SolutionProperties) = preSolution
		HideSolutionNode = FALSE
	EndGlobalSection
	GlobalSection(ExtensibilityGlobals) = postSolution
		SolutionGuid = {56316C70-A844-4184-BC80-71E639EEDC30}
	EndGlobalSection
EndGlobal
